
Microsoft Visual Studio Solution File, Format Version 12.00
# Visual Studio Version 17
VisualStudioVersion = 17.5.2.0
MinimumVisualStudioVersion = 10.0.40219.1
Project("{FAE04EC0-301F-11D3-BF4B-00C04F79EFBC}") = "TodoApp.Domain", "TodoApp.Domain\TodoApp.Domain.csproj", "{E9517DF7-9D47-4F19-A2A9-273A212CBCB2}"
EndProject
Project("{FAE04EC0-301F-11D3-BF4B-00C04F79EFBC}") = "TodoApp.Application", "TodoApp.Application\TodoApp.Application.csproj", "{4E972634-4A5B-48EB-82AA-6E2AD315E1F4}"
EndProject
Project("{FAE04EC0-301F-11D3-BF4B-00C04F79EFBC}") = "TodoApp.Infrastructure", "TodoApp.Infrastructure\TodoApp.Infrastructure.csproj", "{461DF33F-4017-424B-8FEB-8BBB2CD446CA}"
EndProject
Project("{FAE04EC0-301F-11D3-BF4B-00C04F79EFBC}") = "TodoApp.WebApi", "TodoApp.WebApi\TodoApp.WebApi.csproj", "{F12BD586-B06E-446A-9F56-96C04BADCBBF}"
EndProject
Global
	GlobalSection(SolutionConfigurationPlatforms) = preSolution
		Debug|Any CPU = Debug|Any CPU
		Debug|x64 = Debug|x64
		Debug|x86 = Debug|x86
		Release|Any CPU = Release|Any CPU
		Release|x64 = Release|x64
		Release|x86 = Release|x86
	EndGlobalSection
	GlobalSection(ProjectConfigurationPlatforms) = postSolution
		{E9517DF7-9D47-4F19-A2A9-273A212CBCB2}.Debug|Any CPU.ActiveCfg = Debug|Any CPU
		{E9517DF7-9D47-4F19-A2A9-273A212CBCB2}.Debug|Any CPU.Build.0 = Debug|Any CPU
		{E9517DF7-9D47-4F19-A2A9-273A212CBCB2}.Debug|x64.ActiveCfg = Debug|Any CPU
		{E9517DF7-9D47-4F19-A2A9-273A212CBCB2}.Debug|x64.Build.0 = Debug|Any CPU
		{E9517DF7-9D47-4F19-A2A9-273A212CBCB2}.Debug|x86.ActiveCfg = Debug|Any CPU
		{E9517DF7-9D47-4F19-A2A9-273A212CBCB2}.Debug|x86.Build.0 = Debug|Any CPU
		{E9517DF7-9D47-4F19-A2A9-273A212CBCB2}.Release|Any CPU.ActiveCfg = Release|Any CPU
		{E9517DF7-9D47-4F19-A2A9-273A212CBCB2}.Release|Any CPU.Build.0 = Release|Any CPU
		{E9517DF7-9D47-4F19-A2A9-273A212CBCB2}.Release|x64.ActiveCfg = Release|Any CPU
		{E9517DF7-9D47-4F19-A2A9-273A212CBCB2}.Release|x64.Build.0 = Release|Any CPU
		{E9517DF7-9D47-4F19-A2A9-273A212CBCB2}.Release|x86.ActiveCfg = Release|Any CPU
		{E9517DF7-9D47-4F19-A2A9-273A212CBCB2}.Release|x86.Build.0 = Release|Any CPU
		{4E972634-4A5B-48EB-82AA-6E2AD315E1F4}.Debug|Any CPU.ActiveCfg = Debug|Any CPU
		{4E972634-4A5B-48EB-82AA-6E2AD315E1F4}.Debug|Any CPU.Build.0 = Debug|Any CPU
		{4E972634-4A5B-48EB-82AA-6E2AD315E1F4}.Debug|x64.ActiveCfg = Debug|Any CPU
		{4E972634-4A5B-48EB-82AA-6E2AD315E1F4}.Debug|x64.Build.0 = Debug|Any CPU
		{4E972634-4A5B-48EB-82AA-6E2AD315E1F4}.Debug|x86.ActiveCfg = Debug|Any CPU
		{4E972634-4A5B-48EB-82AA-6E2AD315E1F4}.Debug|x86.Build.0 = Debug|Any CPU
		{4E972634-4A5B-48EB-82AA-6E2AD315E1F4}.Release|Any CPU.ActiveCfg = Release|Any CPU
		{4E972634-4A5B-48EB-82AA-6E2AD315E1F4}.Release|Any CPU.Build.0 = Release|Any CPU
		{4E972634-4A5B-48EB-82AA-6E2AD315E1F4}.Release|x64.ActiveCfg = Release|Any CPU
		{4E972634-4A5B-48EB-82AA-6E2AD315E1F4}.Release|x64.Build.0 = Release|Any CPU
		{4E972634-4A5B-48EB-82AA-6E2AD315E1F4}.Release|x86.ActiveCfg = Release|Any CPU
		{4E972634-4A5B-48EB-82AA-6E2AD315E1F4}.Release|x86.Build.0 = Release|Any CPU
		{461DF33F-4017-424B-8FEB-8BBB2CD446CA}.Debug|Any CPU.ActiveCfg = Debug|Any CPU
		{461DF33F-4017-424B-8FEB-8BBB2CD446CA}.Debug|Any CPU.Build.0 = Debug|Any CPU
		{461DF33F-4017-424B-8FEB-8BBB2CD446CA}.Debug|x64.ActiveCfg = Debug|Any CPU
		{461DF33F-4017-424B-8FEB-8BBB2CD446CA}.Debug|x64.Build.0 = Debug|Any CPU
		{461DF33F-4017-424B-8FEB-8BBB2CD446CA}.Debug|x86.ActiveCfg = Debug|Any CPU
		{461DF33F-4017-424B-8FEB-8BBB2CD446CA}.Debug|x86.Build.0 = Debug|Any CPU
		{461DF33F-4017-424B-8FEB-8BBB2CD446CA}.Release|Any CPU.ActiveCfg = Release|Any CPU
		{461DF33F-4017-424B-8FEB-8BBB2CD446CA}.Release|Any CPU.Build.0 = Release|Any CPU
		{461DF33F-4017-424B-8FEB-8BBB2CD446CA}.Release|x64.ActiveCfg = Release|Any CPU
		{461DF33F-4017-424B-8FEB-8BBB2CD446CA}.Release|x64.Build.0 = Release|Any CPU
		{461DF33F-4017-424B-8FEB-8BBB2CD446CA}.Release|x86.ActiveCfg = Release|Any CPU
		{461DF33F-4017-424B-8FEB-8BBB2CD446CA}.Release|x86.Build.0 = Release|Any CPU
		{F12BD586-B06E-446A-9F56-96C04BADCBBF}.Debug|Any CPU.ActiveCfg = Debug|Any CPU
		{F12BD586-B06E-446A-9F56-96C04BADCBBF}.Debug|Any CPU.Build.0 = Debug|Any CPU
		{F12BD586-B06E-446A-9F56-96C04BADCBBF}.Debug|x64.ActiveCfg = Debug|Any CPU
		{F12BD586-B06E-446A-9F56-96C04BADCBBF}.Debug|x64.Build.0 = Debug|Any CPU
		{F12BD586-B06E-446A-9F56-96C04BADCBBF}.Debug|x86.ActiveCfg = Debug|Any CPU
		{F12BD586-B06E-446A-9F56-96C04BADCBBF}.Debug|x86.Build.0 = Debug|Any CPU
		{F12BD586-B06E-446A-9F56-96C04BADCBBF}.Release|Any CPU.ActiveCfg = Release|Any CPU
		{F12BD586-B06E-446A-9F56-96C04BADCBBF}.Release|Any CPU.Build.0 = Release|Any CPU
		{F12BD586-B06E-446A-9F56-96C04BADCBBF}.Release|x64.ActiveCfg = Release|Any CPU
		{F12BD586-B06E-446A-9F56-96C04BADCBBF}.Release|x64.Build.0 = Release|Any CPU
		{F12BD586-B06E-446A-9F56-96C04BADCBBF}.Release|x86.ActiveCfg = Release|Any CPU
		{F12BD586-B06E-446A-9F56-96C04BADCBBF}.Release|x86.Build.0 = Release|Any CPU
	EndGlobalSection
	GlobalSection(SolutionProperties) = preSolution
		HideSolutionNode = FALSE
	EndGlobalSection
	GlobalSection(ExtensibilityGlobals) = postSolution
		SolutionGuid = {548DD408-F6ED-43DB-8F4A-860C3C40F895}
	EndGlobalSection
EndGlobal
